
Microsoft Visual Studio Solution File, Format Version 12.00
# Visual Studio Version 17
Project("{8BC9CEB8-8B4A-11D0-8D11-00A0C91BC942}") = "ALL_BUILD", "ALL_BUILD.vcxproj", "{E1B8864E-3604-3696-97C8-A98A10631AD8}"
	ProjectSection(ProjectDependencies) = postProject
		{31B8FC43-3013-3B4B-802B-E22064176865} = {31B8FC43-3013-3B4B-802B-E22064176865}
		{89244C31-69B6-31C0-A4BF-C5FA60976FDF} = {89244C31-69B6-31C0-A4BF-C5FA60976FDF}
		{1DCA6034-C31F-3D91-82C7-3DB0A3C873A8} = {1DCA6034-C31F-3D91-82C7-3DB0A3C873A8}
		{4A404C78-A4A1-3D60-A38E-D02B4F95E536} = {4A404C78-A4A1-3D60-A38E-D02B4F95E536}
		{D7D80EC6-F7EC-3989-9292-5E0FFDBB8AFA} = {D7D80EC6-F7EC-3989-9292-5E0FFDBB8AFA}
		{D650A3E6-1619-3902-8B25-A5C7884D60F3} = {D650A3E6-1619-3902-8B25-A5C7884D60F3}
	EndProjectSection
EndProject
Project("{8BC9CEB8-8B4A-11D0-8D11-00A0C91BC942}") = "Dynamo", "Dynamo\Dynamo.vcxproj", "{31B8FC43-3013-3B4B-802B-E22064176865}"
	ProjectSection(ProjectDependencies) = postProject
		{89244C31-69B6-31C0-A4BF-C5FA60976FDF} = {89244C31-69B6-31C0-A4BF-C5FA60976FDF}
		{1DCA6034-C31F-3D91-82C7-3DB0A3C873A8} = {1DCA6034-C31F-3D91-82C7-3DB0A3C873A8}
		{D650A3E6-1619-3902-8B25-A5C7884D60F3} = {D650A3E6-1619-3902-8B25-A5C7884D60F3}
	EndProjectSection
EndProject
Project("{8BC9CEB8-8B4A-11D0-8D11-00A0C91BC942}") = "INSTALL", "INSTALL.vcxproj", "{7AC8C532-13D1-3953-83E4-A08F110468E4}"
	ProjectSection(ProjectDependencies) = postProject
		{E1B8864E-3604-3696-97C8-A98A10631AD8} = {E1B8864E-3604-3696-97C8-A98A10631AD8}
		{89244C31-69B6-31C0-A4BF-C5FA60976FDF} = {89244C31-69B6-31C0-A4BF-C5FA60976FDF}
	EndProjectSection
EndProject
Project("{8BC9CEB8-8B4A-11D0-8D11-00A0C91BC942}") = "UpdateAssimpLibsDebugSymbolsAndDLLs", "tools\assimp\UpdateAssimpLibsDebugSymbolsAndDLLs.vcxproj", "{17A6AD45-D762-31BF-A64B-037414F1B5BB}"
	ProjectSection(ProjectDependencies) = postProject
		{89244C31-69B6-31C0-A4BF-C5FA60976FDF} = {89244C31-69B6-31C0-A4BF-C5FA60976FDF}
	EndProjectSection
EndProject
Project("{8BC9CEB8-8B4A-11D0-8D11-00A0C91BC942}") = "ZERO_CHECK", "ZERO_CHECK.vcxproj", "{89244C31-69B6-31C0-A4BF-C5FA60976FDF}"
	ProjectSection(ProjectDependencies) = postProject
	EndProjectSection
EndProject
Project("{8BC9CEB8-8B4A-11D0-8D11-00A0C91BC942}") = "assimp", "tools\assimp\code\assimp.vcxproj", "{1DCA6034-C31F-3D91-82C7-3DB0A3C873A8}"
	ProjectSection(ProjectDependencies) = postProject
		{89244C31-69B6-31C0-A4BF-C5FA60976FDF} = {89244C31-69B6-31C0-A4BF-C5FA60976FDF}
		{D650A3E6-1619-3902-8B25-A5C7884D60F3} = {D650A3E6-1619-3902-8B25-A5C7884D60F3}
	EndProjectSection
EndProject
Project("{8BC9CEB8-8B4A-11D0-8D11-00A0C91BC942}") = "assimp_cmd", "tools\assimp\tools\assimp_cmd\assimp_cmd.vcxproj", "{4A404C78-A4A1-3D60-A38E-D02B4F95E536}"
	ProjectSection(ProjectDependencies) = postProject
		{89244C31-69B6-31C0-A4BF-C5FA60976FDF} = {89244C31-69B6-31C0-A4BF-C5FA60976FDF}
		{1DCA6034-C31F-3D91-82C7-3DB0A3C873A8} = {1DCA6034-C31F-3D91-82C7-3DB0A3C873A8}
		{D650A3E6-1619-3902-8B25-A5C7884D60F3} = {D650A3E6-1619-3902-8B25-A5C7884D60F3}
	EndProjectSection
EndProject
Project("{8BC9CEB8-8B4A-11D0-8D11-00A0C91BC942}") = "uninstall", "tools\assimp\uninstall.vcxproj", "{C5C67A4B-8DB5-33DE-99E8-7EF49F5A8E06}"
	ProjectSection(ProjectDependencies) = postProject
		{89244C31-69B6-31C0-A4BF-C5FA60976FDF} = {89244C31-69B6-31C0-A4BF-C5FA60976FDF}
	EndProjectSection
EndProject
Project("{8BC9CEB8-8B4A-11D0-8D11-00A0C91BC942}") = "unit", "tools\assimp\test\unit.vcxproj", "{D7D80EC6-F7EC-3989-9292-5E0FFDBB8AFA}"
	ProjectSection(ProjectDependencies) = postProject
		{89244C31-69B6-31C0-A4BF-C5FA60976FDF} = {89244C31-69B6-31C0-A4BF-C5FA60976FDF}
		{1DCA6034-C31F-3D91-82C7-3DB0A3C873A8} = {1DCA6034-C31F-3D91-82C7-3DB0A3C873A8}
		{D650A3E6-1619-3902-8B25-A5C7884D60F3} = {D650A3E6-1619-3902-8B25-A5C7884D60F3}
	EndProjectSection
EndProject
Project("{8BC9CEB8-8B4A-11D0-8D11-00A0C91BC942}") = "zlibstatic", "tools\assimp\contrib\zlib\zlibstatic.vcxproj", "{D650A3E6-1619-3902-8B25-A5C7884D60F3}"
	ProjectSection(ProjectDependencies) = postProject
		{89244C31-69B6-31C0-A4BF-C5FA60976FDF} = {89244C31-69B6-31C0-A4BF-C5FA60976FDF}
	EndProjectSection
EndProject
Global
	GlobalSection(SolutionConfigurationPlatforms) = preSolution
		Debug|x64 = Debug|x64
		Release|x64 = Release|x64
		MinSizeRel|x64 = MinSizeRel|x64
		RelWithDebInfo|x64 = RelWithDebInfo|x64
	EndGlobalSection
	GlobalSection(ProjectConfigurationPlatforms) = postSolution
		{E1B8864E-3604-3696-97C8-A98A10631AD8}.Debug|x64.ActiveCfg = Debug|x64
		{E1B8864E-3604-3696-97C8-A98A10631AD8}.Debug|x64.Build.0 = Debug|x64
		{E1B8864E-3604-3696-97C8-A98A10631AD8}.Release|x64.ActiveCfg = Release|x64
		{E1B8864E-3604-3696-97C8-A98A10631AD8}.Release|x64.Build.0 = Release|x64
		{E1B8864E-3604-3696-97C8-A98A10631AD8}.MinSizeRel|x64.ActiveCfg = MinSizeRel|x64
		{E1B8864E-3604-3696-97C8-A98A10631AD8}.MinSizeRel|x64.Build.0 = MinSizeRel|x64
		{E1B8864E-3604-3696-97C8-A98A10631AD8}.RelWithDebInfo|x64.ActiveCfg = RelWithDebInfo|x64
		{E1B8864E-3604-3696-97C8-A98A10631AD8}.RelWithDebInfo|x64.Build.0 = RelWithDebInfo|x64
		{31B8FC43-3013-3B4B-802B-E22064176865}.Debug|x64.ActiveCfg = Debug|x64
		{31B8FC43-3013-3B4B-802B-E22064176865}.Debug|x64.Build.0 = Debug|x64
		{31B8FC43-3013-3B4B-802B-E22064176865}.Release|x64.ActiveCfg = Release|x64
		{31B8FC43-3013-3B4B-802B-E22064176865}.Release|x64.Build.0 = Release|x64
		{31B8FC43-3013-3B4B-802B-E22064176865}.MinSizeRel|x64.ActiveCfg = MinSizeRel|x64
		{31B8FC43-3013-3B4B-802B-E22064176865}.MinSizeRel|x64.Build.0 = MinSizeRel|x64
		{31B8FC43-3013-3B4B-802B-E22064176865}.RelWithDebInfo|x64.ActiveCfg = RelWithDebInfo|x64
		{31B8FC43-3013-3B4B-802B-E22064176865}.RelWithDebInfo|x64.Build.0 = RelWithDebInfo|x64
		{7AC8C532-13D1-3953-83E4-A08F110468E4}.Debug|x64.ActiveCfg = Debug|x64
		{7AC8C532-13D1-3953-83E4-A08F110468E4}.Release|x64.ActiveCfg = Release|x64
		{7AC8C532-13D1-3953-83E4-A08F110468E4}.MinSizeRel|x64.ActiveCfg = MinSizeRel|x64
		{7AC8C532-13D1-3953-83E4-A08F110468E4}.RelWithDebInfo|x64.ActiveCfg = RelWithDebInfo|x64
		{17A6AD45-D762-31BF-A64B-037414F1B5BB}.Debug|x64.ActiveCfg = Debug|x64
		{17A6AD45-D762-31BF-A64B-037414F1B5BB}.Release|x64.ActiveCfg = Release|x64
		{17A6AD45-D762-31BF-A64B-037414F1B5BB}.MinSizeRel|x64.ActiveCfg = MinSizeRel|x64
		{17A6AD45-D762-31BF-A64B-037414F1B5BB}.RelWithDebInfo|x64.ActiveCfg = RelWithDebInfo|x64
		{89244C31-69B6-31C0-A4BF-C5FA60976FDF}.Debug|x64.ActiveCfg = Debug|x64
		{89244C31-69B6-31C0-A4BF-C5FA60976FDF}.Debug|x64.Build.0 = Debug|x64
		{89244C31-69B6-31C0-A4BF-C5FA60976FDF}.Release|x64.ActiveCfg = Release|x64
		{89244C31-69B6-31C0-A4BF-C5FA60976FDF}.Release|x64.Build.0 = Release|x64
		{89244C31-69B6-31C0-A4BF-C5FA60976FDF}.MinSizeRel|x64.ActiveCfg = MinSizeRel|x64
		{89244C31-69B6-31C0-A4BF-C5FA60976FDF}.MinSizeRel|x64.Build.0 = MinSizeRel|x64
		{89244C31-69B6-31C0-A4BF-C5FA60976FDF}.RelWithDebInfo|x64.ActiveCfg = RelWithDebInfo|x64
		{89244C31-69B6-31C0-A4BF-C5FA60976FDF}.RelWithDebInfo|x64.Build.0 = RelWithDebInfo|x64
		{1DCA6034-C31F-3D91-82C7-3DB0A3C873A8}.Debug|x64.ActiveCfg = Debug|x64
		{1DCA6034-C31F-3D91-82C7-3DB0A3C873A8}.Debug|x64.Build.0 = Debug|x64
		{1DCA6034-C31F-3D91-82C7-3DB0A3C873A8}.Release|x64.ActiveCfg = Release|x64
		{1DCA6034-C31F-3D91-82C7-3DB0A3C873A8}.Release|x64.Build.0 = Release|x64
		{1DCA6034-C31F-3D91-82C7-3DB0A3C873A8}.MinSizeRel|x64.ActiveCfg = MinSizeRel|x64
		{1DCA6034-C31F-3D91-82C7-3DB0A3C873A8}.MinSizeRel|x64.Build.0 = MinSizeRel|x64
		{1DCA6034-C31F-3D91-82C7-3DB0A3C873A8}.RelWithDebInfo|x64.ActiveCfg = RelWithDebInfo|x64
		{1DCA6034-C31F-3D91-82C7-3DB0A3C873A8}.RelWithDebInfo|x64.Build.0 = RelWithDebInfo|x64
		{4A404C78-A4A1-3D60-A38E-D02B4F95E536}.Debug|x64.ActiveCfg = Debug|x64
		{4A404C78-A4A1-3D60-A38E-D02B4F95E536}.Debug|x64.Build.0 = Debug|x64
		{4A404C78-A4A1-3D60-A38E-D02B4F95E536}.Release|x64.ActiveCfg = Release|x64
		{4A404C78-A4A1-3D60-A38E-D02B4F95E536}.Release|x64.Build.0 = Release|x64
		{4A404C78-A4A1-3D60-A38E-D02B4F95E536}.MinSizeRel|x64.ActiveCfg = MinSizeRel|x64
		{4A404C78-A4A1-3D60-A38E-D02B4F95E536}.MinSizeRel|x64.Build.0 = MinSizeRel|x64
		{4A404C78-A4A1-3D60-A38E-D02B4F95E536}.RelWithDebInfo|x64.ActiveCfg = RelWithDebInfo|x64
		{4A404C78-A4A1-3D60-A38E-D02B4F95E536}.RelWithDebInfo|x64.Build.0 = RelWithDebInfo|x64
		{C5C67A4B-8DB5-33DE-99E8-7EF49F5A8E06}.Debug|x64.ActiveCfg = Debug|x64
		{C5C67A4B-8DB5-33DE-99E8-7EF49F5A8E06}.Release|x64.ActiveCfg = Release|x64
		{C5C67A4B-8DB5-33DE-99E8-7EF49F5A8E06}.MinSizeRel|x64.ActiveCfg = MinSizeRel|x64
		{C5C67A4B-8DB5-33DE-99E8-7EF49F5A8E06}.RelWithDebInfo|x64.ActiveCfg = RelWithDebInfo|x64
		{D7D80EC6-F7EC-3989-9292-5E0FFDBB8AFA}.Debug|x64.ActiveCfg = Debug|x64
		{D7D80EC6-F7EC-3989-9292-5E0FFDBB8AFA}.Debug|x64.Build.0 = Debug|x64
		{D7D80EC6-F7EC-3989-9292-5E0FFDBB8AFA}.Release|x64.ActiveCfg = Release|x64
		{D7D80EC6-F7EC-3989-9292-5E0FFDBB8AFA}.Release|x64.Build.0 = Release|x64
		{D7D80EC6-F7EC-3989-9292-5E0FFDBB8AFA}.MinSizeRel|x64.ActiveCfg = MinSizeRel|x64
		{D7D80EC6-F7EC-3989-9292-5E0FFDBB8AFA}.MinSizeRel|x64.Build.0 = MinSizeRel|x64
		{D7D80EC6-F7EC-3989-9292-5E0FFDBB8AFA}.RelWithDebInfo|x64.ActiveCfg = RelWithDebInfo|x64
		{D7D80EC6-F7EC-3989-9292-5E0FFDBB8AFA}.RelWithDebInfo|x64.Build.0 = RelWithDebInfo|x64
		{D650A3E6-1619-3902-8B25-A5C7884D60F3}.Debug|x64.ActiveCfg = Debug|x64
		{D650A3E6-1619-3902-8B25-A5C7884D60F3}.Debug|x64.Build.0 = Debug|x64
		{D650A3E6-1619-3902-8B25-A5C7884D60F3}.Release|x64.ActiveCfg = Release|x64
		{D650A3E6-1619-3902-8B25-A5C7884D60F3}.Release|x64.Build.0 = Release|x64
		{D650A3E6-1619-3902-8B25-A5C7884D60F3}.MinSizeRel|x64.ActiveCfg = MinSizeRel|x64
		{D650A3E6-1619-3902-8B25-A5C7884D60F3}.MinSizeRel|x64.Build.0 = MinSizeRel|x64
		{D650A3E6-1619-3902-8B25-A5C7884D60F3}.RelWithDebInfo|x64.ActiveCfg = RelWithDebInfo|x64
		{D650A3E6-1619-3902-8B25-A5C7884D60F3}.RelWithDebInfo|x64.Build.0 = RelWithDebInfo|x64
	EndGlobalSection
	GlobalSection(ExtensibilityGlobals) = postSolution
		SolutionGuid = {826DB962-DC62-34FC-9AAD-C48301AD7C55}
	EndGlobalSection
	GlobalSection(ExtensibilityAddIns) = postSolution
	EndGlobalSection
EndGlobal
