<?xml version="1.0" encoding="utf-8"?>
<Project ToolsVersion="17.0" xmlns="http://schemas.microsoft.com/developer/msbuild/2003">
  <ItemGroup>
    <ClCompile Include="C:\Users\hunte\source\repos\Dynamo\Dynamo\CMakeFiles\Dynamo.dir\cmake_pch.cxx">
      <Filter>Source Files</Filter>
    </ClCompile>
    <ClCompile Include="C:\Users\hunte\source\repos\Dynamo\Dynamo\src\Core\App.cpp">
      <Filter>Source Files</Filter>
    </ClCompile>
    <ClCompile Include="C:\Users\hunte\source\repos\Dynamo\Dynamo\src\Core\Input.cpp">
      <Filter>Source Files</Filter>
    </ClCompile>
    <ClCompile Include="C:\Users\hunte\source\repos\Dynamo\Dynamo\src\Core\Main.cpp">
      <Filter>Source Files</Filter>
    </ClCompile>
    <ClCompile Include="C:\Users\hunte\source\repos\Dynamo\Dynamo\src\Core\Window.cpp">
      <Filter>Source Files</Filter>
    </ClCompile>
    <ClCompile Include="C:\Users\hunte\source\repos\Dynamo\Dynamo\src\Debug\DynamoException.cpp">
      <Filter>Source Files</Filter>
    </ClCompile>
    <ClCompile Include="C:\Users\hunte\source\repos\Dynamo\Dynamo\src\GUI\Gui.cpp">
      <Filter>Source Files</Filter>
    </ClCompile>
    <ClCompile Include="C:\Users\hunte\source\repos\Dynamo\Dynamo\src\Graphics\Animation\AnimModel.cpp">
      <Filter>Source Files</Filter>
    </ClCompile>
    <ClCompile Include="C:\Users\hunte\source\repos\Dynamo\Dynamo\src\Graphics\Animation\Animation.cpp">
      <Filter>Source Files</Filter>
    </ClCompile>
    <ClCompile Include="C:\Users\hunte\source\repos\Dynamo\Dynamo\src\Graphics\Animation\Animator.cpp">
      <Filter>Source Files</Filter>
    </ClCompile>
    <ClCompile Include="C:\Users\hunte\source\repos\Dynamo\Dynamo\src\Graphics\Animation\Bone.cpp">
      <Filter>Source Files</Filter>
    </ClCompile>
    <ClCompile Include="C:\Users\hunte\source\repos\Dynamo\Dynamo\src\Graphics\Bindable\Binds.cpp">
      <Filter>Source Files</Filter>
    </ClCompile>
    <ClCompile Include="C:\Users\hunte\source\repos\Dynamo\Dynamo\src\Graphics\Bindable\BlendState.cpp">
      <Filter>Source Files</Filter>
    </ClCompile>
    <ClCompile Include="C:\Users\hunte\source\repos\Dynamo\Dynamo\src\Graphics\Bindable\ConstantBuffer.cpp">
      <Filter>Source Files</Filter>
    </ClCompile>
    <ClCompile Include="C:\Users\hunte\source\repos\Dynamo\Dynamo\src\Graphics\Bindable\DSState.cpp">
      <Filter>Source Files</Filter>
    </ClCompile>
    <ClCompile Include="C:\Users\hunte\source\repos\Dynamo\Dynamo\src\Graphics\Bindable\DepthStencil.cpp">
      <Filter>Source Files</Filter>
    </ClCompile>
    <ClCompile Include="C:\Users\hunte\source\repos\Dynamo\Dynamo\src\Graphics\Bindable\IndexBuffer.cpp">
      <Filter>Source Files</Filter>
    </ClCompile>
    <ClCompile Include="C:\Users\hunte\source\repos\Dynamo\Dynamo\src\Graphics\Bindable\InputLayout.cpp">
      <Filter>Source Files</Filter>
    </ClCompile>
    <ClCompile Include="C:\Users\hunte\source\repos\Dynamo\Dynamo\src\Graphics\Bindable\Rasterizer.cpp">
      <Filter>Source Files</Filter>
    </ClCompile>
    <ClCompile Include="C:\Users\hunte\source\repos\Dynamo\Dynamo\src\Graphics\Bindable\RenderTarget.cpp">
      <Filter>Source Files</Filter>
    </ClCompile>
    <ClCompile Include="C:\Users\hunte\source\repos\Dynamo\Dynamo\src\Graphics\Bindable\Sampler.cpp">
      <Filter>Source Files</Filter>
    </ClCompile>
    <ClCompile Include="C:\Users\hunte\source\repos\Dynamo\Dynamo\src\Graphics\Bindable\Shader.cpp">
      <Filter>Source Files</Filter>
    </ClCompile>
    <ClCompile Include="C:\Users\hunte\source\repos\Dynamo\Dynamo\src\Graphics\Bindable\Texture.cpp">
      <Filter>Source Files</Filter>
    </ClCompile>
    <ClCompile Include="C:\Users\hunte\source\repos\Dynamo\Dynamo\src\Graphics\Bindable\Topology.cpp">
      <Filter>Source Files</Filter>
    </ClCompile>
    <ClCompile Include="C:\Users\hunte\source\repos\Dynamo\Dynamo\src\Graphics\Bindable\TransformBuffer.cpp">
      <Filter>Source Files</Filter>
    </ClCompile>
    <ClCompile Include="C:\Users\hunte\source\repos\Dynamo\Dynamo\src\Graphics\Bindable\VertexBuffer.cpp">
      <Filter>Source Files</Filter>
    </ClCompile>
    <ClCompile Include="C:\Users\hunte\source\repos\Dynamo\Dynamo\src\Graphics\Entities\Camera.cpp">
      <Filter>Source Files</Filter>
    </ClCompile>
    <ClCompile Include="C:\Users\hunte\source\repos\Dynamo\Dynamo\src\Graphics\Entities\Light.cpp">
      <Filter>Source Files</Filter>
    </ClCompile>
    <ClCompile Include="C:\Users\hunte\source\repos\Dynamo\Dynamo\src\Graphics\Entities\Mesh.cpp">
      <Filter>Source Files</Filter>
    </ClCompile>
    <ClCompile Include="C:\Users\hunte\source\repos\Dynamo\Dynamo\src\Graphics\Entities\Model.cpp">
      <Filter>Source Files</Filter>
    </ClCompile>
    <ClCompile Include="C:\Users\hunte\source\repos\Dynamo\Dynamo\src\Graphics\Entities\Shapes.cpp">
      <Filter>Source Files</Filter>
    </ClCompile>
    <ClCompile Include="C:\Users\hunte\source\repos\Dynamo\Dynamo\src\Graphics\Entities\Skybox.cpp">
      <Filter>Source Files</Filter>
    </ClCompile>
    <ClCompile Include="C:\Users\hunte\source\repos\Dynamo\Dynamo\src\Graphics\Entities\TestCube.cpp">
      <Filter>Source Files</Filter>
    </ClCompile>
    <ClCompile Include="C:\Users\hunte\source\repos\Dynamo\Dynamo\src\Graphics\GUI\Gui.cpp">
      <Filter>Source Files</Filter>
    </ClCompile>
    <ClCompile Include="C:\Users\hunte\source\repos\Dynamo\Dynamo\src\Graphics\Graphics.cpp">
      <Filter>Source Files</Filter>
    </ClCompile>
    <ClCompile Include="C:\Users\hunte\source\repos\Dynamo\Dynamo\src\Graphics\RDG\BasicRDG.cpp">
      <Filter>Source Files</Filter>
    </ClCompile>
    <ClCompile Include="C:\Users\hunte\source\repos\Dynamo\Dynamo\src\Graphics\RDG\BasicRenderPass.cpp">
      <Filter>Source Files</Filter>
    </ClCompile>
    <ClCompile Include="C:\Users\hunte\source\repos\Dynamo\Dynamo\src\Graphics\RDG\BindPass.cpp">
      <Filter>Source Files</Filter>
    </ClCompile>
    <ClCompile Include="C:\Users\hunte\source\repos\Dynamo\Dynamo\src\Graphics\RDG\ClearPass.cpp">
      <Filter>Source Files</Filter>
    </ClCompile>
    <ClCompile Include="C:\Users\hunte\source\repos\Dynamo\Dynamo\src\Graphics\RDG\In.cpp">
      <Filter>Source Files</Filter>
    </ClCompile>
    <ClCompile Include="C:\Users\hunte\source\repos\Dynamo\Dynamo\src\Graphics\RDG\Negativepass.cpp">
      <Filter>Source Files</Filter>
    </ClCompile>
    <ClCompile Include="C:\Users\hunte\source\repos\Dynamo\Dynamo\src\Graphics\RDG\NoShadowPass.cpp">
      <Filter>Source Files</Filter>
    </ClCompile>
    <ClCompile Include="C:\Users\hunte\source\repos\Dynamo\Dynamo\src\Graphics\RDG\Out.cpp">
      <Filter>Source Files</Filter>
    </ClCompile>
    <ClCompile Include="C:\Users\hunte\source\repos\Dynamo\Dynamo\src\Graphics\RDG\OutlineMaskPass.cpp">
      <Filter>Source Files</Filter>
    </ClCompile>
    <ClCompile Include="C:\Users\hunte\source\repos\Dynamo\Dynamo\src\Graphics\RDG\OutlineRDG.cpp">
      <Filter>Source Files</Filter>
    </ClCompile>
    <ClCompile Include="C:\Users\hunte\source\repos\Dynamo\Dynamo\src\Graphics\RDG\OutlineRenderPass.cpp">
      <Filter>Source Files</Filter>
    </ClCompile>
    <ClCompile Include="C:\Users\hunte\source\repos\Dynamo\Dynamo\src\Graphics\RDG\Pass.cpp">
      <Filter>Source Files</Filter>
    </ClCompile>
    <ClCompile Include="C:\Users\hunte\source\repos\Dynamo\Dynamo\src\Graphics\RDG\RDG.cpp">
      <Filter>Source Files</Filter>
    </ClCompile>
    <ClCompile Include="C:\Users\hunte\source\repos\Dynamo\Dynamo\src\Graphics\RDG\RenderPass.cpp">
      <Filter>Source Files</Filter>
    </ClCompile>
    <ClCompile Include="C:\Users\hunte\source\repos\Dynamo\Dynamo\src\Graphics\RDG\ScreenPass.cpp">
      <Filter>Source Files</Filter>
    </ClCompile>
    <ClCompile Include="C:\Users\hunte\source\repos\Dynamo\Dynamo\src\Graphics\RDG\ShadowPass.cpp">
      <Filter>Source Files</Filter>
    </ClCompile>
    <ClCompile Include="C:\Users\hunte\source\repos\Dynamo\Dynamo\src\Graphics\RDG\SkyboxPass.cpp">
      <Filter>Source Files</Filter>
    </ClCompile>
    <ClCompile Include="C:\Users\hunte\source\repos\Dynamo\Dynamo\src\Graphics\Render\Renderable.cpp">
      <Filter>Source Files</Filter>
    </ClCompile>
    <ClCompile Include="C:\Users\hunte\source\repos\Dynamo\Dynamo\src\Graphics\Render\Scene.cpp">
      <Filter>Source Files</Filter>
    </ClCompile>
    <ClCompile Include="C:\Users\hunte\source\repos\Dynamo\Dynamo\src\Graphics\Render\Step.cpp">
      <Filter>Source Files</Filter>
    </ClCompile>
    <ClCompile Include="C:\Users\hunte\source\repos\Dynamo\Dynamo\src\Graphics\Render\Technique.cpp">
      <Filter>Source Files</Filter>
    </ClCompile>
    <ClCompile Include="C:\Users\hunte\source\repos\Dynamo\Dynamo\src\Graphics\Render\Work.cpp">
      <Filter>Source Files</Filter>
    </ClCompile>
    <ClCompile Include="C:\Users\hunte\source\repos\Dynamo\tools\imgui\backends\imgui_impl_win32.cpp">
      <Filter>Source Files</Filter>
    </ClCompile>
    <ClCompile Include="C:\Users\hunte\source\repos\Dynamo\tools\imgui\backends\imgui_impl_dx11.cpp">
      <Filter>Source Files</Filter>
    </ClCompile>
    <ClCompile Include="C:\Users\hunte\source\repos\Dynamo\tools\imgui\imgui.cpp">
      <Filter>Source Files</Filter>
    </ClCompile>
    <ClCompile Include="C:\Users\hunte\source\repos\Dynamo\tools\imgui\imgui_draw.cpp">
      <Filter>Source Files</Filter>
    </ClCompile>
    <ClCompile Include="C:\Users\hunte\source\repos\Dynamo\tools\imgui\imgui_demo.cpp">
      <Filter>Source Files</Filter>
    </ClCompile>
    <ClCompile Include="C:\Users\hunte\source\repos\Dynamo\tools\imgui\imgui_tables.cpp">
      <Filter>Source Files</Filter>
    </ClCompile>
    <ClCompile Include="C:\Users\hunte\source\repos\Dynamo\tools\imgui\imgui_widgets.cpp">
      <Filter>Source Files</Filter>
    </ClCompile>
  </ItemGroup>
  <ItemGroup>
    <ClInclude Include="C:\Users\hunte\source\repos\Dynamo\Dynamo\src\Core\App.h">
      <Filter>Header Files</Filter>
    </ClInclude>
    <ClInclude Include="C:\Users\hunte\source\repos\Dynamo\Dynamo\src\Core\Input.h">
      <Filter>Header Files</Filter>
    </ClInclude>
    <ClInclude Include="C:\Users\hunte\source\repos\Dynamo\Dynamo\src\Core\Window.h">
      <Filter>Header Files</Filter>
    </ClInclude>
    <ClInclude Include="C:\Users\hunte\source\repos\Dynamo\Dynamo\src\Debug\DynamoException.h">
      <Filter>Header Files</Filter>
    </ClInclude>
    <ClInclude Include="C:\Users\hunte\source\repos\Dynamo\Dynamo\src\GUI\GUIable.h">
      <Filter>Header Files</Filter>
    </ClInclude>
    <ClInclude Include="C:\Users\hunte\source\repos\Dynamo\Dynamo\src\GUI\Gui.h">
      <Filter>Header Files</Filter>
    </ClInclude>
    <ClInclude Include="C:\Users\hunte\source\repos\Dynamo\Dynamo\src\Graphics\Animation\AnimModel.h">
      <Filter>Header Files</Filter>
    </ClInclude>
    <ClInclude Include="C:\Users\hunte\source\repos\Dynamo\Dynamo\src\Graphics\Animation\Animation.h">
      <Filter>Header Files</Filter>
    </ClInclude>
    <ClInclude Include="C:\Users\hunte\source\repos\Dynamo\Dynamo\src\Graphics\Animation\Animator.h">
      <Filter>Header Files</Filter>
    </ClInclude>
    <ClInclude Include="C:\Users\hunte\source\repos\Dynamo\Dynamo\src\Graphics\Animation\AssimpGLMHelpers.h">
      <Filter>Header Files</Filter>
    </ClInclude>
    <ClInclude Include="C:\Users\hunte\source\repos\Dynamo\Dynamo\src\Graphics\Animation\BlendState.h">
      <Filter>Header Files</Filter>
    </ClInclude>
    <ClInclude Include="C:\Users\hunte\source\repos\Dynamo\Dynamo\src\Graphics\Animation\Bone.h">
      <Filter>Header Files</Filter>
    </ClInclude>
    <ClInclude Include="C:\Users\hunte\source\repos\Dynamo\Dynamo\src\Graphics\Bindable\Bindable.h">
      <Filter>Header Files</Filter>
    </ClInclude>
    <ClInclude Include="C:\Users\hunte\source\repos\Dynamo\Dynamo\src\Graphics\Bindable\Binds.h">
      <Filter>Header Files</Filter>
    </ClInclude>
    <ClInclude Include="C:\Users\hunte\source\repos\Dynamo\Dynamo\src\Graphics\Bindable\BlendState.h">
      <Filter>Header Files</Filter>
    </ClInclude>
    <ClInclude Include="C:\Users\hunte\source\repos\Dynamo\Dynamo\src\Graphics\Bindable\Buffer.h">
      <Filter>Header Files</Filter>
    </ClInclude>
    <ClInclude Include="C:\Users\hunte\source\repos\Dynamo\Dynamo\src\Graphics\Bindable\ConstantBuffer.h">
      <Filter>Header Files</Filter>
    </ClInclude>
    <ClInclude Include="C:\Users\hunte\source\repos\Dynamo\Dynamo\src\Graphics\Bindable\DSState.h">
      <Filter>Header Files</Filter>
    </ClInclude>
    <ClInclude Include="C:\Users\hunte\source\repos\Dynamo\Dynamo\src\Graphics\Bindable\DepthStencil.h">
      <Filter>Header Files</Filter>
    </ClInclude>
    <ClInclude Include="C:\Users\hunte\source\repos\Dynamo\Dynamo\src\Graphics\Bindable\IndexBuffer.h">
      <Filter>Header Files</Filter>
    </ClInclude>
    <ClInclude Include="C:\Users\hunte\source\repos\Dynamo\Dynamo\src\Graphics\Bindable\InputLayout.h">
      <Filter>Header Files</Filter>
    </ClInclude>
    <ClInclude Include="C:\Users\hunte\source\repos\Dynamo\Dynamo\src\Graphics\Bindable\Rasterizer.h">
      <Filter>Header Files</Filter>
    </ClInclude>
    <ClInclude Include="C:\Users\hunte\source\repos\Dynamo\Dynamo\src\Graphics\Bindable\RenderTarget.h">
      <Filter>Header Files</Filter>
    </ClInclude>
    <ClInclude Include="C:\Users\hunte\source\repos\Dynamo\Dynamo\src\Graphics\Bindable\Sampler.h">
      <Filter>Header Files</Filter>
    </ClInclude>
    <ClInclude Include="C:\Users\hunte\source\repos\Dynamo\Dynamo\src\Graphics\Bindable\Shader.h">
      <Filter>Header Files</Filter>
    </ClInclude>
    <ClInclude Include="C:\Users\hunte\source\repos\Dynamo\Dynamo\src\Graphics\Bindable\Texture.h">
      <Filter>Header Files</Filter>
    </ClInclude>
    <ClInclude Include="C:\Users\hunte\source\repos\Dynamo\Dynamo\src\Graphics\Bindable\Topology.h">
      <Filter>Header Files</Filter>
    </ClInclude>
    <ClInclude Include="C:\Users\hunte\source\repos\Dynamo\Dynamo\src\Graphics\Bindable\TransformBuffer.h">
      <Filter>Header Files</Filter>
    </ClInclude>
    <ClInclude Include="C:\Users\hunte\source\repos\Dynamo\Dynamo\src\Graphics\Bindable\VertexBuffer.h">
      <Filter>Header Files</Filter>
    </ClInclude>
    <ClInclude Include="C:\Users\hunte\source\repos\Dynamo\Dynamo\src\Graphics\Entities\Camera.h">
      <Filter>Header Files</Filter>
    </ClInclude>
    <ClInclude Include="C:\Users\hunte\source\repos\Dynamo\Dynamo\src\Graphics\Entities\Light.h">
      <Filter>Header Files</Filter>
    </ClInclude>
    <ClInclude Include="C:\Users\hunte\source\repos\Dynamo\Dynamo\src\Graphics\Entities\Mesh.h">
      <Filter>Header Files</Filter>
    </ClInclude>
    <ClInclude Include="C:\Users\hunte\source\repos\Dynamo\Dynamo\src\Graphics\Entities\Model.h">
      <Filter>Header Files</Filter>
    </ClInclude>
    <ClInclude Include="C:\Users\hunte\source\repos\Dynamo\Dynamo\src\Graphics\Entities\Shapes.h">
      <Filter>Header Files</Filter>
    </ClInclude>
    <ClInclude Include="C:\Users\hunte\source\repos\Dynamo\Dynamo\src\Graphics\Entities\Skybox.h">
      <Filter>Header Files</Filter>
    </ClInclude>
    <ClInclude Include="C:\Users\hunte\source\repos\Dynamo\Dynamo\src\Graphics\Entities\TestCube.h">
      <Filter>Header Files</Filter>
    </ClInclude>
    <ClInclude Include="C:\Users\hunte\source\repos\Dynamo\Dynamo\src\Graphics\GUI\GUIable.h">
      <Filter>Header Files</Filter>
    </ClInclude>
    <ClInclude Include="C:\Users\hunte\source\repos\Dynamo\Dynamo\src\Graphics\GUI\Gui.h">
      <Filter>Header Files</Filter>
    </ClInclude>
    <ClInclude Include="C:\Users\hunte\source\repos\Dynamo\Dynamo\src\Graphics\Graphics.h">
      <Filter>Header Files</Filter>
    </ClInclude>
    <ClInclude Include="C:\Users\hunte\source\repos\Dynamo\Dynamo\src\Graphics\GraphicsCore.h">
      <Filter>Header Files</Filter>
    </ClInclude>
    <ClInclude Include="C:\Users\hunte\source\repos\Dynamo\Dynamo\src\Graphics\RDG\BasicRDG.h">
      <Filter>Header Files</Filter>
    </ClInclude>
    <ClInclude Include="C:\Users\hunte\source\repos\Dynamo\Dynamo\src\Graphics\RDG\BasicRenderPass.h">
      <Filter>Header Files</Filter>
    </ClInclude>
    <ClInclude Include="C:\Users\hunte\source\repos\Dynamo\Dynamo\src\Graphics\RDG\BindPass.h">
      <Filter>Header Files</Filter>
    </ClInclude>
    <ClInclude Include="C:\Users\hunte\source\repos\Dynamo\Dynamo\src\Graphics\RDG\Channel.h">
      <Filter>Header Files</Filter>
    </ClInclude>
    <ClInclude Include="C:\Users\hunte\source\repos\Dynamo\Dynamo\src\Graphics\RDG\ClearPass.h">
      <Filter>Header Files</Filter>
    </ClInclude>
    <ClInclude Include="C:\Users\hunte\source\repos\Dynamo\Dynamo\src\Graphics\RDG\In.h">
      <Filter>Header Files</Filter>
    </ClInclude>
    <ClInclude Include="C:\Users\hunte\source\repos\Dynamo\Dynamo\src\Graphics\RDG\Negativepass.h">
      <Filter>Header Files</Filter>
    </ClInclude>
    <ClInclude Include="C:\Users\hunte\source\repos\Dynamo\Dynamo\src\Graphics\RDG\NoShadowPass.h">
      <Filter>Header Files</Filter>
    </ClInclude>
    <ClInclude Include="C:\Users\hunte\source\repos\Dynamo\Dynamo\src\Graphics\RDG\Out.h">
      <Filter>Header Files</Filter>
    </ClInclude>
    <ClInclude Include="C:\Users\hunte\source\repos\Dynamo\Dynamo\src\Graphics\RDG\OutlineMaskPass.h">
      <Filter>Header Files</Filter>
    </ClInclude>
    <ClInclude Include="C:\Users\hunte\source\repos\Dynamo\Dynamo\src\Graphics\RDG\OutlineRDG.h">
      <Filter>Header Files</Filter>
    </ClInclude>
    <ClInclude Include="C:\Users\hunte\source\repos\Dynamo\Dynamo\src\Graphics\RDG\OutlineRenderPass.h">
      <Filter>Header Files</Filter>
    </ClInclude>
    <ClInclude Include="C:\Users\hunte\source\repos\Dynamo\Dynamo\src\Graphics\RDG\Pass.h">
      <Filter>Header Files</Filter>
    </ClInclude>
    <ClInclude Include="C:\Users\hunte\source\repos\Dynamo\Dynamo\src\Graphics\RDG\RDG.h">
      <Filter>Header Files</Filter>
    </ClInclude>
    <ClInclude Include="C:\Users\hunte\source\repos\Dynamo\Dynamo\src\Graphics\RDG\Renderpass.h">
      <Filter>Header Files</Filter>
    </ClInclude>
    <ClInclude Include="C:\Users\hunte\source\repos\Dynamo\Dynamo\src\Graphics\RDG\ScreenPass.h">
      <Filter>Header Files</Filter>
    </ClInclude>
    <ClInclude Include="C:\Users\hunte\source\repos\Dynamo\Dynamo\src\Graphics\RDG\ShadowPass.h">
      <Filter>Header Files</Filter>
    </ClInclude>
    <ClInclude Include="C:\Users\hunte\source\repos\Dynamo\Dynamo\src\Graphics\RDG\SkyboxPass.h">
      <Filter>Header Files</Filter>
    </ClInclude>
    <ClInclude Include="C:\Users\hunte\source\repos\Dynamo\Dynamo\src\Graphics\Render\Renderable.h">
      <Filter>Header Files</Filter>
    </ClInclude>
    <ClInclude Include="C:\Users\hunte\source\repos\Dynamo\Dynamo\src\Graphics\Render\Scene.h">
      <Filter>Header Files</Filter>
    </ClInclude>
    <ClInclude Include="C:\Users\hunte\source\repos\Dynamo\Dynamo\src\Graphics\Render\Step.h">
      <Filter>Header Files</Filter>
    </ClInclude>
    <ClInclude Include="C:\Users\hunte\source\repos\Dynamo\Dynamo\src\Graphics\Render\Technique.h">
      <Filter>Header Files</Filter>
    </ClInclude>
    <ClInclude Include="C:\Users\hunte\source\repos\Dynamo\Dynamo\src\Graphics\Render\Work.h">
      <Filter>Header Files</Filter>
    </ClInclude>
    <ClInclude Include="C:\Users\hunte\source\repos\Dynamo\Dynamo\src\Graphics\VectorOps.h">
      <Filter>Header Files</Filter>
    </ClInclude>
    <ClInclude Include="C:\Users\hunte\source\repos\Dynamo\Dynamo\src\dynamopch.h">
      <Filter>Header Files</Filter>
    </ClInclude>
    <ClInclude Include="C:\Users\hunte\source\repos\Dynamo\Dynamo\CMakeFiles\Dynamo.dir\Debug\cmake_pch.hxx">
      <Filter>Precompile Header File</Filter>
    </ClInclude>
    <ClInclude Include="C:\Users\hunte\source\repos\Dynamo\Dynamo\CMakeFiles\Dynamo.dir\Release\cmake_pch.hxx">
      <Filter>Precompile Header File</Filter>
    </ClInclude>
    <ClInclude Include="C:\Users\hunte\source\repos\Dynamo\Dynamo\CMakeFiles\Dynamo.dir\MinSizeRel\cmake_pch.hxx">
      <Filter>Precompile Header File</Filter>
    </ClInclude>
    <ClInclude Include="C:\Users\hunte\source\repos\Dynamo\Dynamo\CMakeFiles\Dynamo.dir\RelWithDebInfo\cmake_pch.hxx">
      <Filter>Precompile Header File</Filter>
    </ClInclude>
  </ItemGroup>
  <ItemGroup>
    <CustomBuild Include="C:\Users\hunte\source\repos\Dynamo\Dynamo\CMakeLists.txt" />
  </ItemGroup>
  <ItemGroup>
    <ResourceCompile Include="C:\Users\hunte\source\repos\Dynamo\Dynamo\res\dynamo.rc">
      <Filter>Source Files</Filter>
    </ResourceCompile>
  </ItemGroup>
  <ItemGroup>
    <Filter Include="Header Files">
      <UniqueIdentifier>{25FC34F1-79FC-3033-A4EB-08380A4C6A38}</UniqueIdentifier>
    </Filter>
    <Filter Include="Precompile Header File">
      <UniqueIdentifier>{B65EA229-D145-32FD-959D-7334C9CABB71}</UniqueIdentifier>
    </Filter>
    <Filter Include="Source Files">
      <UniqueIdentifier>{47A03C97-6EF0-3D44-8D49-B600D65D6957}</UniqueIdentifier>
    </Filter>
  </ItemGroup>
</Project>
